
Microsoft Visual Studio Solution File, Format Version 12.00
# Visual Studio Version 17
VisualStudioVersion = 17.7.34024.191
MinimumVisualStudioVersion = 10.0.40219.1
Project("{8BC9CEB8-8B4A-11D0-8D11-00A0C91BC942}") = "实验二（4）", "实验二（4）\实验二（4）.vcxproj", "{BAD17E1F-5458-4D4D-B55A-120BF670F4CD}"
EndProject
Global
	GlobalSection(SolutionConfigurationPlatforms) = preSolution
		Debug|x64 = Debug|x64
		Debug|x86 = Debug|x86
		Release|x64 = Release|x64
		Release|x86 = Release|x86
	EndGlobalSection
	GlobalSection(ProjectConfigurationPlatforms) = postSolution
		{BAD17E1F-5458-4D4D-B55A-120BF670F4CD}.Debug|x64.ActiveCfg = Debug|x64
		{BAD17E1F-5458-4D4D-B55A-120BF670F4CD}.Debug|x64.Build.0 = Debug|x64
		{BAD17E1F-5458-4D4D-B55A-120BF670F4CD}.Debug|x86.ActiveCfg = Debug|Win32
		{BAD17E1F-5458-4D4D-B55A-120BF670F4CD}.Debug|x86.Build.0 = Debug|Win32
		{BAD17E1F-5458-4D4D-B55A-120BF670F4CD}.Release|x64.ActiveCfg = Release|x64
		{BAD17E1F-5458-4D4D-B55A-120BF670F4CD}.Release|x64.Build.0 = Release|x64
		{BAD17E1F-5458-4D4D-B55A-120BF670F4CD}.Release|x86.ActiveCfg = Release|Win32
		{BAD17E1F-5458-4D4D-B55A-120BF670F4CD}.Release|x86.Build.0 = Release|Win32
	EndGlobalSection
	GlobalSection(SolutionProperties) = preSolution
		HideSolutionNode = FALSE
	EndGlobalSection
	GlobalSection(ExtensibilityGlobals) = postSolution
		SolutionGuid = {039A1D43-369C-41C7-A44C-8358D513EB16}
	EndGlobalSection
EndGlobal
